
Microsoft Visual Studio Solution File, Format Version 12.00
# Visual Studio 15
VisualStudioVersion = 15.0.28307.705
MinimumVisualStudioVersion = 10.0.40219.1
Project("{8BC9CEB8-8B4A-11D0-8D11-00A0C91BC942}") = "LetsSweepSomeMines", "LetsSweepSomeMines\LetsSweepSomeMines.vcxproj", "{1701456D-5A4C-4849-8E18-15990137694B}"
EndProject
Global
	GlobalSection(SolutionConfigurationPlatforms) = preSolution
		Debug|x64 = Debug|x64
		Debug|x86 = Debug|x86
		Release|x64 = Release|x64
		Release|x86 = Release|x86
	EndGlobalSection
	GlobalSection(ProjectConfigurationPlatforms) = postSolution
		{1701456D-5A4C-4849-8E18-15990137694B}.Debug|x64.ActiveCfg = Debug|x64
		{1701456D-5A4C-4849-8E18-15990137694B}.Debug|x64.Build.0 = Debug|x64
		{1701456D-5A4C-4849-8E18-15990137694B}.Debug|x86.ActiveCfg = Debug|Win32
		{1701456D-5A4C-4849-8E18-15990137694B}.Debug|x86.Build.0 = Debug|Win32
		{1701456D-5A4C-4849-8E18-15990137694B}.Release|x64.ActiveCfg = Release|x64
		{1701456D-5A4C-4849-8E18-15990137694B}.Release|x64.Build.0 = Release|x64
		{1701456D-5A4C-4849-8E18-15990137694B}.Release|x86.ActiveCfg = Release|Win32
		{1701456D-5A4C-4849-8E18-15990137694B}.Release|x86.Build.0 = Release|Win32
	EndGlobalSection
	GlobalSection(SolutionProperties) = preSolution
		HideSolutionNode = FALSE
	EndGlobalSection
	GlobalSection(ExtensibilityGlobals) = postSolution
		SolutionGuid = {D1DE600C-5E13-48FA-9C43-A8C49ED04DBC}
	EndGlobalSection
EndGlobal
